// !$*UTF8*$!
{
	archiveVersion = 1;
	classes = {
	};
	objectVersion = 77;
	objects = {

/* Begin PBXBuildFile section */
		408C2C192DE76C3F00A07EC4 /* AppDelegate.swift in Sources */ = {isa = PBXBuildFile; fileRef = 408C2C0D2DE76C3F00A07EC4 /* AppDelegate.swift */; };
		408C2C1A2DE76C3F00A07EC4 /* Project31_Multibrowser.xcdatamodeld in Sources */ = {isa = PBXBuildFile; fileRef = 408C2C142DE76C3F00A07EC4 /* Project31_Multibrowser.xcdatamodeld */; };
		408C2C1B2DE76C3F00A07EC4 /* SceneDelegate.swift in Sources */ = {isa = PBXBuildFile; fileRef = 408C2C152DE76C3F00A07EC4 /* SceneDelegate.swift */; };
		408C2C1C2DE76C3F00A07EC4 /* HomeVC.swift in Sources */ = {isa = PBXBuildFile; fileRef = 408C2C162DE76C3F00A07EC4 /* HomeVC.swift */; };
		408C2C1D2DE76C3F00A07EC4 /* Assets.xcassets in Resources */ = {isa = PBXBuildFile; fileRef = 408C2C0E2DE76C3F00A07EC4 /* Assets.xcassets */; };
		408C2C1F2DE76C3F00A07EC4 /* LaunchScreen.storyboard in Resources */ = {isa = PBXBuildFile; fileRef = 408C2C112DE76C3F00A07EC4 /* LaunchScreen.storyboard */; };
		408C2C202DE76C3F00A07EC4 /* Main.storyboard in Resources */ = {isa = PBXBuildFile; fileRef = 408C2C132DE76C3F00A07EC4 /* Main.storyboard */; };
		408C2C242DE76D1C00A07EC4 /* MBLogoLauncher+Utils.swift in Sources */ = {isa = PBXBuildFile; fileRef = 408C2C232DE76D1C00A07EC4 /* MBLogoLauncher+Utils.swift */; };
		408C2C282DE76E6C00A07EC4 /* launchscreen.mp4 in Resources */ = {isa = PBXBuildFile; fileRef = 408C2C272DE76E6C00A07EC4 /* launchscreen.mp4 */; };
		408C2C2B2DE76F6400A07EC4 /* Constants+Utils.swift in Sources */ = {isa = PBXBuildFile; fileRef = 408C2C2A2DE76F6300A07EC4 /* Constants+Utils.swift */; };
		408C2C2C2DE76F6400A07EC4 /* Constants+Utils.swift in Sources */ = {isa = PBXBuildFile; fileRef = 408C2C2A2DE76F6300A07EC4 /* Constants+Utils.swift */; };
		408C2C322DE7700100A07EC4 /* KeychainItemAccessibility.swift in Sources */ = {isa = PBXBuildFile; fileRef = 408C2C302DE7700100A07EC4 /* KeychainItemAccessibility.swift */; };
		408C2C332DE7700100A07EC4 /* KeychainWrapper.swift in Sources */ = {isa = PBXBuildFile; fileRef = 408C2C312DE7700100A07EC4 /* KeychainWrapper.swift */; };
		408C2C352DE7703500A07EC4 /* AVPlayer+Ext.swift in Sources */ = {isa = PBXBuildFile; fileRef = 408C2C342DE7703500A07EC4 /* AVPlayer+Ext.swift */; };
		4090D2822DE77458004FBCBE /* PersistenceManager.swift in Sources */ = {isa = PBXBuildFile; fileRef = 4090D2812DE77458004FBCBE /* PersistenceManager.swift */; };
		4090D2842DE777F3004FBCBE /* UIAlertController+Ext.swift in Sources */ = {isa = PBXBuildFile; fileRef = 4090D2832DE777F3004FBCBE /* UIAlertController+Ext.swift */; };
/* End PBXBuildFile section */

/* Begin PBXContainerItemProxy section */
		408C2BF02DE76BE500A07EC4 /* PBXContainerItemProxy */ = {
			isa = PBXContainerItemProxy;
			containerPortal = 408C2BCE2DE76BE100A07EC4 /* Project object */;
			proxyType = 1;
			remoteGlobalIDString = 408C2BD52DE76BE100A07EC4;
			remoteInfo = "Project31-Multibrowser";
		};
		408C2BFA2DE76BE500A07EC4 /* PBXContainerItemProxy */ = {
			isa = PBXContainerItemProxy;
			containerPortal = 408C2BCE2DE76BE100A07EC4 /* Project object */;
			proxyType = 1;
			remoteGlobalIDString = 408C2BD52DE76BE100A07EC4;
			remoteInfo = "Project31-Multibrowser";
		};
/* End PBXContainerItemProxy section */

/* Begin PBXFileReference section */
		408C2BD62DE76BE100A07EC4 /* Project31-Multibrowser.app */ = {isa = PBXFileReference; explicitFileType = wrapper.application; includeInIndex = 0; path = "Project31-Multibrowser.app"; sourceTree = BUILT_PRODUCTS_DIR; };
		408C2BEF2DE76BE500A07EC4 /* Project31-MultibrowserTests.xctest */ = {isa = PBXFileReference; explicitFileType = wrapper.cfbundle; includeInIndex = 0; path = "Project31-MultibrowserTests.xctest"; sourceTree = BUILT_PRODUCTS_DIR; };
		408C2BF92DE76BE500A07EC4 /* Project31-MultibrowserUITests.xctest */ = {isa = PBXFileReference; explicitFileType = wrapper.cfbundle; includeInIndex = 0; path = "Project31-MultibrowserUITests.xctest"; sourceTree = BUILT_PRODUCTS_DIR; };
		408C2C0D2DE76C3F00A07EC4 /* AppDelegate.swift */ = {isa = PBXFileReference; lastKnownFileType = sourcecode.swift; path = AppDelegate.swift; sourceTree = "<group>"; };
		408C2C0E2DE76C3F00A07EC4 /* Assets.xcassets */ = {isa = PBXFileReference; lastKnownFileType = folder.assetcatalog; path = Assets.xcassets; sourceTree = "<group>"; };
		408C2C0F2DE76C3F00A07EC4 /* Info.plist */ = {isa = PBXFileReference; lastKnownFileType = text.plist.xml; path = Info.plist; sourceTree = "<group>"; };
		408C2C102DE76C3F00A07EC4 /* Base */ = {isa = PBXFileReference; lastKnownFileType = file.storyboard; name = Base; path = Base.lproj/LaunchScreen.storyboard; sourceTree = "<group>"; };
		408C2C122DE76C3F00A07EC4 /* Base */ = {isa = PBXFileReference; lastKnownFileType = file.storyboard; name = Base; path = Base.lproj/Main.storyboard; sourceTree = "<group>"; };
		408C2C152DE76C3F00A07EC4 /* SceneDelegate.swift */ = {isa = PBXFileReference; lastKnownFileType = sourcecode.swift; path = SceneDelegate.swift; sourceTree = "<group>"; };
		408C2C162DE76C3F00A07EC4 /* HomeVC.swift */ = {isa = PBXFileReference; lastKnownFileType = sourcecode.swift; path = HomeVC.swift; sourceTree = "<group>"; };
		408C2C182DE76C3F00A07EC4 /* Project31_Multibrowser.xcdatamodel */ = {isa = PBXFileReference; lastKnownFileType = wrapper.xcdatamodel; path = Project31_Multibrowser.xcdatamodel; sourceTree = "<group>"; };
		408C2C232DE76D1C00A07EC4 /* MBLogoLauncher+Utils.swift */ = {isa = PBXFileReference; lastKnownFileType = sourcecode.swift; path = "MBLogoLauncher+Utils.swift"; sourceTree = "<group>"; };
		408C2C272DE76E6C00A07EC4 /* launchscreen.mp4 */ = {isa = PBXFileReference; lastKnownFileType = file; path = launchscreen.mp4; sourceTree = "<group>"; };
		408C2C2A2DE76F6300A07EC4 /* Constants+Utils.swift */ = {isa = PBXFileReference; lastKnownFileType = sourcecode.swift; path = "Constants+Utils.swift"; sourceTree = "<group>"; };
		408C2C302DE7700100A07EC4 /* KeychainItemAccessibility.swift */ = {isa = PBXFileReference; lastKnownFileType = sourcecode.swift; path = KeychainItemAccessibility.swift; sourceTree = "<group>"; };
		408C2C312DE7700100A07EC4 /* KeychainWrapper.swift */ = {isa = PBXFileReference; lastKnownFileType = sourcecode.swift; path = KeychainWrapper.swift; sourceTree = "<group>"; };
		408C2C342DE7703500A07EC4 /* AVPlayer+Ext.swift */ = {isa = PBXFileReference; lastKnownFileType = sourcecode.swift; path = "AVPlayer+Ext.swift"; sourceTree = "<group>"; };
		4090D2812DE77458004FBCBE /* PersistenceManager.swift */ = {isa = PBXFileReference; lastKnownFileType = sourcecode.swift; path = PersistenceManager.swift; sourceTree = "<group>"; };
		4090D2832DE777F3004FBCBE /* UIAlertController+Ext.swift */ = {isa = PBXFileReference; lastKnownFileType = sourcecode.swift; path = "UIAlertController+Ext.swift"; sourceTree = "<group>"; };
/* End PBXFileReference section */

/* Begin PBXFileSystemSynchronizedRootGroup section */
		408C2BF22DE76BE500A07EC4 /* Project31-MultibrowserTests */ = {
			isa = PBXFileSystemSynchronizedRootGroup;
			path = "Project31-MultibrowserTests";
			sourceTree = "<group>";
		};
		408C2BFC2DE76BE500A07EC4 /* Project31-MultibrowserUITests */ = {
			isa = PBXFileSystemSynchronizedRootGroup;
			path = "Project31-MultibrowserUITests";
			sourceTree = "<group>";
		};
/* End PBXFileSystemSynchronizedRootGroup section */

/* Begin PBXFrameworksBuildPhase section */
		408C2BD32DE76BE100A07EC4 /* Frameworks */ = {
			isa = PBXFrameworksBuildPhase;
			buildActionMask = 2147483647;
			files = (
			);
			runOnlyForDeploymentPostprocessing = 0;
		};
		408C2BEC2DE76BE500A07EC4 /* Frameworks */ = {
			isa = PBXFrameworksBuildPhase;
			buildActionMask = 2147483647;
			files = (
			);
			runOnlyForDeploymentPostprocessing = 0;
		};
		408C2BF62DE76BE500A07EC4 /* Frameworks */ = {
			isa = PBXFrameworksBuildPhase;
			buildActionMask = 2147483647;
			files = (
			);
			runOnlyForDeploymentPostprocessing = 0;
		};
/* End PBXFrameworksBuildPhase section */

/* Begin PBXGroup section */
		408C2BCD2DE76BE100A07EC4 = {
			isa = PBXGroup;
			children = (
				408C2C172DE76C3F00A07EC4 /* Project31-Multibrowser */,
				408C2BF22DE76BE500A07EC4 /* Project31-MultibrowserTests */,
				408C2BFC2DE76BE500A07EC4 /* Project31-MultibrowserUITests */,
				408C2BD72DE76BE100A07EC4 /* Products */,
			);
			sourceTree = "<group>";
		};
		408C2BD72DE76BE100A07EC4 /* Products */ = {
			isa = PBXGroup;
			children = (
				408C2BD62DE76BE100A07EC4 /* Project31-Multibrowser.app */,
				408C2BEF2DE76BE500A07EC4 /* Project31-MultibrowserTests.xctest */,
				408C2BF92DE76BE500A07EC4 /* Project31-MultibrowserUITests.xctest */,
			);
			name = Products;
			sourceTree = "<group>";
		};
		408C2C172DE76C3F00A07EC4 /* Project31-Multibrowser */ = {
			isa = PBXGroup;
			children = (
				408C2C262DE76DF500A07EC4 /* Extensions */,
				408C2C362DE7714500A07EC4 /* Managers */,
				408C2C292DE76E8400A07EC4 /* Utilities */,
				408C2C222DE76C5B00A07EC4 /* Screens */,
				408C2C212DE76C4A00A07EC4 /* Support */,
				408C2C0F2DE76C3F00A07EC4 /* Info.plist */,
			);
			path = "Project31-Multibrowser";
			sourceTree = "<group>";
		};
		408C2C212DE76C4A00A07EC4 /* Support */ = {
			isa = PBXGroup;
			children = (
				408C2C0D2DE76C3F00A07EC4 /* AppDelegate.swift */,
				408C2C152DE76C3F00A07EC4 /* SceneDelegate.swift */,
				408C2C302DE7700100A07EC4 /* KeychainItemAccessibility.swift */,
				408C2C312DE7700100A07EC4 /* KeychainWrapper.swift */,
				408C2C0E2DE76C3F00A07EC4 /* Assets.xcassets */,
				408C2C272DE76E6C00A07EC4 /* launchscreen.mp4 */,
				408C2C112DE76C3F00A07EC4 /* LaunchScreen.storyboard */,
				408C2C132DE76C3F00A07EC4 /* Main.storyboard */,
				408C2C142DE76C3F00A07EC4 /* Project31_Multibrowser.xcdatamodeld */,
			);
			path = Support;
			sourceTree = "<group>";
		};
		408C2C222DE76C5B00A07EC4 /* Screens */ = {
			isa = PBXGroup;
			children = (
				408C2C162DE76C3F00A07EC4 /* HomeVC.swift */,
			);
			path = Screens;
			sourceTree = "<group>";
		};
		408C2C262DE76DF500A07EC4 /* Extensions */ = {
			isa = PBXGroup;
			children = (
				408C2C342DE7703500A07EC4 /* AVPlayer+Ext.swift */,
				4090D2832DE777F3004FBCBE /* UIAlertController+Ext.swift */,
			);
			path = Extensions;
			sourceTree = "<group>";
		};
		408C2C292DE76E8400A07EC4 /* Utilities */ = {
			isa = PBXGroup;
			children = (
				408C2C232DE76D1C00A07EC4 /* MBLogoLauncher+Utils.swift */,
				408C2C2A2DE76F6300A07EC4 /* Constants+Utils.swift */,
			);
			path = Utilities;
			sourceTree = "<group>";
		};
		408C2C362DE7714500A07EC4 /* Managers */ = {
			isa = PBXGroup;
			children = (
				4090D2812DE77458004FBCBE /* PersistenceManager.swift */,
			);
			path = Managers;
			sourceTree = "<group>";
		};
/* End PBXGroup section */

/* Begin PBXNativeTarget section */
		408C2BD52DE76BE100A07EC4 /* Project31-Multibrowser */ = {
			isa = PBXNativeTarget;
			buildConfigurationList = 408C2C022DE76BE500A07EC4 /* Build configuration list for PBXNativeTarget "Project31-Multibrowser" */;
			buildPhases = (
				408C2BD22DE76BE100A07EC4 /* Sources */,
				408C2BD32DE76BE100A07EC4 /* Frameworks */,
				408C2BD42DE76BE100A07EC4 /* Resources */,
			);
			buildRules = (
			);
			dependencies = (
			);
			name = "Project31-Multibrowser";
			packageProductDependencies = (
			);
			productName = "Project31-Multibrowser";
			productReference = 408C2BD62DE76BE100A07EC4 /* Project31-Multibrowser.app */;
			productType = "com.apple.product-type.application";
		};
		408C2BEE2DE76BE500A07EC4 /* Project31-MultibrowserTests */ = {
			isa = PBXNativeTarget;
			buildConfigurationList = 408C2C072DE76BE500A07EC4 /* Build configuration list for PBXNativeTarget "Project31-MultibrowserTests" */;
			buildPhases = (
				408C2BEB2DE76BE500A07EC4 /* Sources */,
				408C2BEC2DE76BE500A07EC4 /* Frameworks */,
				408C2BED2DE76BE500A07EC4 /* Resources */,
			);
			buildRules = (
			);
			dependencies = (
				408C2BF12DE76BE500A07EC4 /* PBXTargetDependency */,
			);
			fileSystemSynchronizedGroups = (
				408C2BF22DE76BE500A07EC4 /* Project31-MultibrowserTests */,
			);
			name = "Project31-MultibrowserTests";
			packageProductDependencies = (
			);
			productName = "Project31-MultibrowserTests";
			productReference = 408C2BEF2DE76BE500A07EC4 /* Project31-MultibrowserTests.xctest */;
			productType = "com.apple.product-type.bundle.unit-test";
		};
		408C2BF82DE76BE500A07EC4 /* Project31-MultibrowserUITests */ = {
			isa = PBXNativeTarget;
			buildConfigurationList = 408C2C0A2DE76BE500A07EC4 /* Build configuration list for PBXNativeTarget "Project31-MultibrowserUITests" */;
			buildPhases = (
				408C2BF52DE76BE500A07EC4 /* Sources */,
				408C2BF62DE76BE500A07EC4 /* Frameworks */,
				408C2BF72DE76BE500A07EC4 /* Resources */,
			);
			buildRules = (
			);
			dependencies = (
				408C2BFB2DE76BE500A07EC4 /* PBXTargetDependency */,
			);
			fileSystemSynchronizedGroups = (
				408C2BFC2DE76BE500A07EC4 /* Project31-MultibrowserUITests */,
			);
			name = "Project31-MultibrowserUITests";
			packageProductDependencies = (
			);
			productName = "Project31-MultibrowserUITests";
			productReference = 408C2BF92DE76BE500A07EC4 /* Project31-MultibrowserUITests.xctest */;
			productType = "com.apple.product-type.bundle.ui-testing";
		};
/* End PBXNativeTarget section */

/* Begin PBXProject section */
		408C2BCE2DE76BE100A07EC4 /* Project object */ = {
			isa = PBXProject;
			attributes = {
				BuildIndependentTargetsInParallel = 1;
				LastSwiftUpdateCheck = 1630;
				LastUpgradeCheck = 1630;
				TargetAttributes = {
					408C2BD52DE76BE100A07EC4 = {
						CreatedOnToolsVersion = 16.3;
					};
					408C2BEE2DE76BE500A07EC4 = {
						CreatedOnToolsVersion = 16.3;
						TestTargetID = 408C2BD52DE76BE100A07EC4;
					};
					408C2BF82DE76BE500A07EC4 = {
						CreatedOnToolsVersion = 16.3;
						TestTargetID = 408C2BD52DE76BE100A07EC4;
					};
				};
			};
			buildConfigurationList = 408C2BD12DE76BE100A07EC4 /* Build configuration list for PBXProject "Project31-Multibrowser" */;
			developmentRegion = en;
			hasScannedForEncodings = 0;
			knownRegions = (
				en,
				Base,
			);
			mainGroup = 408C2BCD2DE76BE100A07EC4;
			minimizedProjectReferenceProxies = 1;
			preferredProjectObjectVersion = 77;
			productRefGroup = 408C2BD72DE76BE100A07EC4 /* Products */;
			projectDirPath = "";
			projectRoot = "";
			targets = (
				408C2BD52DE76BE100A07EC4 /* Project31-Multibrowser */,
				408C2BEE2DE76BE500A07EC4 /* Project31-MultibrowserTests */,
				408C2BF82DE76BE500A07EC4 /* Project31-MultibrowserUITests */,
			);
		};
/* End PBXProject section */

/* Begin PBXResourcesBuildPhase section */
		408C2BD42DE76BE100A07EC4 /* Resources */ = {
			isa = PBXResourcesBuildPhase;
			buildActionMask = 2147483647;
			files = (
				408C2C1D2DE76C3F00A07EC4 /* Assets.xcassets in Resources */,
				408C2C1F2DE76C3F00A07EC4 /* LaunchScreen.storyboard in Resources */,
				408C2C282DE76E6C00A07EC4 /* launchscreen.mp4 in Resources */,
				408C2C202DE76C3F00A07EC4 /* Main.storyboard in Resources */,
			);
			runOnlyForDeploymentPostprocessing = 0;
		};
		408C2BED2DE76BE500A07EC4 /* Resources */ = {
			isa = PBXResourcesBuildPhase;
			buildActionMask = 2147483647;
			files = (
			);
			runOnlyForDeploymentPostprocessing = 0;
		};
		408C2BF72DE76BE500A07EC4 /* Resources */ = {
			isa = PBXResourcesBuildPhase;
			buildActionMask = 2147483647;
			files = (
			);
			runOnlyForDeploymentPostprocessing = 0;
		};
/* End PBXResourcesBuildPhase section */

/* Begin PBXSourcesBuildPhase section */
		408C2BD22DE76BE100A07EC4 /* Sources */ = {
			isa = PBXSourcesBuildPhase;
			buildActionMask = 2147483647;
			files = (
				408C2C192DE76C3F00A07EC4 /* AppDelegate.swift in Sources */,
				4090D2822DE77458004FBCBE /* PersistenceManager.swift in Sources */,
				408C2C322DE7700100A07EC4 /* KeychainItemAccessibility.swift in Sources */,
				408C2C332DE7700100A07EC4 /* KeychainWrapper.swift in Sources */,
				408C2C2C2DE76F6400A07EC4 /* Constants+Utils.swift in Sources */,
				408C2C1A2DE76C3F00A07EC4 /* Project31_Multibrowser.xcdatamodeld in Sources */,
				408C2C242DE76D1C00A07EC4 /* MBLogoLauncher+Utils.swift in Sources */,
				408C2C1B2DE76C3F00A07EC4 /* SceneDelegate.swift in Sources */,
				408C2C352DE7703500A07EC4 /* AVPlayer+Ext.swift in Sources */,
				408C2C1C2DE76C3F00A07EC4 /* HomeVC.swift in Sources */,
				4090D2842DE777F3004FBCBE /* UIAlertController+Ext.swift in Sources */,
			);
			runOnlyForDeploymentPostprocessing = 0;
		};
		408C2BEB2DE76BE500A07EC4 /* Sources */ = {
			isa = PBXSourcesBuildPhase;
			buildActionMask = 2147483647;
			files = (
				408C2C2B2DE76F6400A07EC4 /* Constants+Utils.swift in Sources */,
			);
			runOnlyForDeploymentPostprocessing = 0;
		};
		408C2BF52DE76BE500A07EC4 /* Sources */ = {
			isa = PBXSourcesBuildPhase;
			buildActionMask = 2147483647;
			files = (
			);
			runOnlyForDeploymentPostprocessing = 0;
		};
/* End PBXSourcesBuildPhase section */

/* Begin PBXTargetDependency section */
		408C2BF12DE76BE500A07EC4 /* PBXTargetDependency */ = {
			isa = PBXTargetDependency;
			target = 408C2BD52DE76BE100A07EC4 /* Project31-Multibrowser */;
			targetProxy = 408C2BF02DE76BE500A07EC4 /* PBXContainerItemProxy */;
		};
		408C2BFB2DE76BE500A07EC4 /* PBXTargetDependency */ = {
			isa = PBXTargetDependency;
			target = 408C2BD52DE76BE100A07EC4 /* Project31-Multibrowser */;
			targetProxy = 408C2BFA2DE76BE500A07EC4 /* PBXContainerItemProxy */;
		};
/* End PBXTargetDependency section */

/* Begin PBXVariantGroup section */
		408C2C112DE76C3F00A07EC4 /* LaunchScreen.storyboard */ = {
			isa = PBXVariantGroup;
			children = (
				408C2C102DE76C3F00A07EC4 /* Base */,
			);
			name = LaunchScreen.storyboard;
			sourceTree = "<group>";
		};
		408C2C132DE76C3F00A07EC4 /* Main.storyboard */ = {
			isa = PBXVariantGroup;
			children = (
				408C2C122DE76C3F00A07EC4 /* Base */,
			);
			name = Main.storyboard;
			sourceTree = "<group>";
		};
/* End PBXVariantGroup section */

/* Begin XCBuildConfiguration section */
		408C2C032DE76BE500A07EC4 /* Debug */ = {
			isa = XCBuildConfiguration;
			buildSettings = {
				ASSETCATALOG_COMPILER_APPICON_NAME = AppIcon;
				ASSETCATALOG_COMPILER_GLOBAL_ACCENT_COLOR_NAME = AccentColor;
				CODE_SIGN_STYLE = Automatic;
				CURRENT_PROJECT_VERSION = 1;
				DEVELOPMENT_TEAM = M9MT23QW7V;
				GENERATE_INFOPLIST_FILE = YES;
				INFOPLIST_FILE = "Project31-Multibrowser/Info.plist";
				INFOPLIST_KEY_UIApplicationSupportsIndirectInputEvents = YES;
				INFOPLIST_KEY_UILaunchStoryboardName = LaunchScreen;
				INFOPLIST_KEY_UIMainStoryboardFile = Main;
				INFOPLIST_KEY_UISupportedInterfaceOrientations_iPad = "UIInterfaceOrientationLandscapeLeft UIInterfaceOrientationLandscapeRight UIInterfaceOrientationPortrait UIInterfaceOrientationPortraitUpsideDown";
				LD_RUNPATH_SEARCH_PATHS = (
					"$(inherited)",
					"@executable_path/Frameworks",
				);
				MARKETING_VERSION = 1.0;
				PRODUCT_BUNDLE_IDENTIFIER = "noahpope.Project31-Multibrowser";
				PRODUCT_NAME = "$(TARGET_NAME)";
				SWIFT_EMIT_LOC_STRINGS = YES;
				SWIFT_VERSION = 5.0;
				TARGETED_DEVICE_FAMILY = "1,2";
			};
			name = Debug;
		};
		408C2C042DE76BE500A07EC4 /* Release */ = {
			isa = XCBuildConfiguration;
			buildSettings = {
				ASSETCATALOG_COMPILER_APPICON_NAME = AppIcon;
				ASSETCATALOG_COMPILER_GLOBAL_ACCENT_COLOR_NAME = AccentColor;
				CODE_SIGN_STYLE = Automatic;
				CURRENT_PROJECT_VERSION = 1;
				DEVELOPMENT_TEAM = M9MT23QW7V;
				GENERATE_INFOPLIST_FILE = YES;
				INFOPLIST_FILE = "Project31-Multibrowser/Info.plist";
				INFOPLIST_KEY_UIApplicationSupportsIndirectInputEvents = YES;
				INFOPLIST_KEY_UILaunchStoryboardName = LaunchScreen;
				INFOPLIST_KEY_UIMainStoryboardFile = Main;
				INFOPLIST_KEY_UISupportedInterfaceOrientations_iPad = "UIInterfaceOrientationLandscapeLeft UIInterfaceOrientationLandscapeRight UIInterfaceOrientationPortrait UIInterfaceOrientationPortraitUpsideDown";
				LD_RUNPATH_SEARCH_PATHS = (
					"$(inherited)",
					"@executable_path/Frameworks",
				);
				MARKETING_VERSION = 1.0;
				PRODUCT_BUNDLE_IDENTIFIER = "noahpope.Project31-Multibrowser";
				PRODUCT_NAME = "$(TARGET_NAME)";
				SWIFT_EMIT_LOC_STRINGS = YES;
				SWIFT_VERSION = 5.0;
				TARGETED_DEVICE_FAMILY = "1,2";
			};
			name = Release;
		};
		408C2C052DE76BE500A07EC4 /* Debug */ = {
			isa = XCBuildConfiguration;
			buildSettings = {
				ALWAYS_SEARCH_USER_PATHS = NO;
				ASSETCATALOG_COMPILER_GENERATE_SWIFT_ASSET_SYMBOL_EXTENSIONS = YES;
				CLANG_ANALYZER_NONNULL = YES;
				CLANG_ANALYZER_NUMBER_OBJECT_CONVERSION = YES_AGGRESSIVE;
				CLANG_CXX_LANGUAGE_STANDARD = "gnu++20";
				CLANG_ENABLE_MODULES = YES;
				CLANG_ENABLE_OBJC_ARC = YES;
				CLANG_ENABLE_OBJC_WEAK = YES;
				CLANG_WARN_BLOCK_CAPTURE_AUTORELEASING = YES;
				CLANG_WARN_BOOL_CONVERSION = YES;
				CLANG_WARN_COMMA = YES;
				CLANG_WARN_CONSTANT_CONVERSION = YES;
				CLANG_WARN_DEPRECATED_OBJC_IMPLEMENTATIONS = YES;
				CLANG_WARN_DIRECT_OBJC_ISA_USAGE = YES_ERROR;
				CLANG_WARN_DOCUMENTATION_COMMENTS = YES;
				CLANG_WARN_EMPTY_BODY = YES;
				CLANG_WARN_ENUM_CONVERSION = YES;
				CLANG_WARN_INFINITE_RECURSION = YES;
				CLANG_WARN_INT_CONVERSION = YES;
				CLANG_WARN_NON_LITERAL_NULL_CONVERSION = YES;
				CLANG_WARN_OBJC_IMPLICIT_RETAIN_SELF = YES;
				CLANG_WARN_OBJC_LITERAL_CONVERSION = YES;
				CLANG_WARN_OBJC_ROOT_CLASS = YES_ERROR;
				CLANG_WARN_QUOTED_INCLUDE_IN_FRAMEWORK_HEADER = YES;
				CLANG_WARN_RANGE_LOOP_ANALYSIS = YES;
				CLANG_WARN_STRICT_PROTOTYPES = YES;
				CLANG_WARN_SUSPICIOUS_MOVE = YES;
				CLANG_WARN_UNGUARDED_AVAILABILITY = YES_AGGRESSIVE;
				CLANG_WARN_UNREACHABLE_CODE = YES;
				CLANG_WARN__DUPLICATE_METHOD_MATCH = YES;
				COPY_PHASE_STRIP = NO;
				DEBUG_INFORMATION_FORMAT = dwarf;
				DEVELOPMENT_TEAM = M9MT23QW7V;
				ENABLE_STRICT_OBJC_MSGSEND = YES;
				ENABLE_TESTABILITY = YES;
				ENABLE_USER_SCRIPT_SANDBOXING = YES;
				GCC_C_LANGUAGE_STANDARD = gnu17;
				GCC_DYNAMIC_NO_PIC = NO;
				GCC_NO_COMMON_BLOCKS = YES;
				GCC_OPTIMIZATION_LEVEL = 0;
				GCC_PREPROCESSOR_DEFINITIONS = (
					"DEBUG=1",
					"$(inherited)",
				);
				GCC_WARN_64_TO_32_BIT_CONVERSION = YES;
				GCC_WARN_ABOUT_RETURN_TYPE = YES_ERROR;
				GCC_WARN_UNDECLARED_SELECTOR = YES;
				GCC_WARN_UNINITIALIZED_AUTOS = YES_AGGRESSIVE;
				GCC_WARN_UNUSED_FUNCTION = YES;
				GCC_WARN_UNUSED_VARIABLE = YES;
				IPHONEOS_DEPLOYMENT_TARGET = 18.4;
				LOCALIZATION_PREFERS_STRING_CATALOGS = YES;
				MTL_ENABLE_DEBUG_INFO = INCLUDE_SOURCE;
				MTL_FAST_MATH = YES;
				ONLY_ACTIVE_ARCH = YES;
				SDKROOT = iphoneos;
				SWIFT_ACTIVE_COMPILATION_CONDITIONS = "DEBUG $(inherited)";
				SWIFT_OPTIMIZATION_LEVEL = "-Onone";
			};
			name = Debug;
		};
		408C2C062DE76BE500A07EC4 /* Release */ = {
			isa = XCBuildConfiguration;
			buildSettings = {
				ALWAYS_SEARCH_USER_PATHS = NO;
				ASSETCATALOG_COMPILER_GENERATE_SWIFT_ASSET_SYMBOL_EXTENSIONS = YES;
				CLANG_ANALYZER_NONNULL = YES;
				CLANG_ANALYZER_NUMBER_OBJECT_CONVERSION = YES_AGGRESSIVE;
				CLANG_CXX_LANGUAGE_STANDARD = "gnu++20";
				CLANG_ENABLE_MODULES = YES;
				CLANG_ENABLE_OBJC_ARC = YES;
				CLANG_ENABLE_OBJC_WEAK = YES;
				CLANG_WARN_BLOCK_CAPTURE_AUTORELEASING = YES;
				CLANG_WARN_BOOL_CONVERSION = YES;
				CLANG_WARN_COMMA = YES;
				CLANG_WARN_CONSTANT_CONVERSION = YES;
				CLANG_WARN_DEPRECATED_OBJC_IMPLEMENTATIONS = YES;
				CLANG_WARN_DIRECT_OBJC_ISA_USAGE = YES_ERROR;
				CLANG_WARN_DOCUMENTATION_COMMENTS = YES;
				CLANG_WARN_EMPTY_BODY = YES;
				CLANG_WARN_ENUM_CONVERSION = YES;
				CLANG_WARN_INFINITE_RECURSION = YES;
				CLANG_WARN_INT_CONVERSION = YES;
				CLANG_WARN_NON_LITERAL_NULL_CONVERSION = YES;
				CLANG_WARN_OBJC_IMPLICIT_RETAIN_SELF = YES;
				CLANG_WARN_OBJC_LITERAL_CONVERSION = YES;
				CLANG_WARN_OBJC_ROOT_CLASS = YES_ERROR;
				CLANG_WARN_QUOTED_INCLUDE_IN_FRAMEWORK_HEADER = YES;
				CLANG_WARN_RANGE_LOOP_ANALYSIS = YES;
				CLANG_WARN_STRICT_PROTOTYPES = YES;
				CLANG_WARN_SUSPICIOUS_MOVE = YES;
				CLANG_WARN_UNGUARDED_AVAILABILITY = YES_AGGRESSIVE;
				CLANG_WARN_UNREACHABLE_CODE = YES;
				CLANG_WARN__DUPLICATE_METHOD_MATCH = YES;
				COPY_PHASE_STRIP = NO;
				DEBUG_INFORMATION_FORMAT = "dwarf-with-dsym";
				DEVELOPMENT_TEAM = M9MT23QW7V;
				ENABLE_NS_ASSERTIONS = NO;
				ENABLE_STRICT_OBJC_MSGSEND = YES;
				ENABLE_USER_SCRIPT_SANDBOXING = YES;
				GCC_C_LANGUAGE_STANDARD = gnu17;
				GCC_NO_COMMON_BLOCKS = YES;
				GCC_WARN_64_TO_32_BIT_CONVERSION = YES;
				GCC_WARN_ABOUT_RETURN_TYPE = YES_ERROR;
				GCC_WARN_UNDECLARED_SELECTOR = YES;
				GCC_WARN_UNINITIALIZED_AUTOS = YES_AGGRESSIVE;
				GCC_WARN_UNUSED_FUNCTION = YES;
				GCC_WARN_UNUSED_VARIABLE = YES;
				IPHONEOS_DEPLOYMENT_TARGET = 18.4;
				LOCALIZATION_PREFERS_STRING_CATALOGS = YES;
				MTL_ENABLE_DEBUG_INFO = NO;
				MTL_FAST_MATH = YES;
				SDKROOT = iphoneos;
				SWIFT_COMPILATION_MODE = wholemodule;
				VALIDATE_PRODUCT = YES;
			};
			name = Release;
		};
		408C2C082DE76BE500A07EC4 /* Debug */ = {
			isa = XCBuildConfiguration;
			buildSettings = {
				BUNDLE_LOADER = "$(TEST_HOST)";
				CODE_SIGN_STYLE = Automatic;
				CURRENT_PROJECT_VERSION = 1;
				DEVELOPMENT_TEAM = M9MT23QW7V;
				GENERATE_INFOPLIST_FILE = YES;
				IPHONEOS_DEPLOYMENT_TARGET = 18.4;
				MARKETING_VERSION = 1.0;
				PRODUCT_BUNDLE_IDENTIFIER = "noahpope.Project31-MultibrowserTests";
				PRODUCT_NAME = "$(TARGET_NAME)";
				SWIFT_EMIT_LOC_STRINGS = NO;
				SWIFT_VERSION = 5.0;
				TARGETED_DEVICE_FAMILY = "1,2";
				TEST_HOST = "$(BUILT_PRODUCTS_DIR)/Project31-Multibrowser.app/$(BUNDLE_EXECUTABLE_FOLDER_PATH)/Project31-Multibrowser";
			};
			name = Debug;
		};
		408C2C092DE76BE500A07EC4 /* Release */ = {
			isa = XCBuildConfiguration;
			buildSettings = {
				BUNDLE_LOADER = "$(TEST_HOST)";
				CODE_SIGN_STYLE = Automatic;
				CURRENT_PROJECT_VERSION = 1;
				DEVELOPMENT_TEAM = M9MT23QW7V;
				GENERATE_INFOPLIST_FILE = YES;
				IPHONEOS_DEPLOYMENT_TARGET = 18.4;
				MARKETING_VERSION = 1.0;
				PRODUCT_BUNDLE_IDENTIFIER = "noahpope.Project31-MultibrowserTests";
				PRODUCT_NAME = "$(TARGET_NAME)";
				SWIFT_EMIT_LOC_STRINGS = NO;
				SWIFT_VERSION = 5.0;
				TARGETED_DEVICE_FAMILY = "1,2";
				TEST_HOST = "$(BUILT_PRODUCTS_DIR)/Project31-Multibrowser.app/$(BUNDLE_EXECUTABLE_FOLDER_PATH)/Project31-Multibrowser";
			};
			name = Release;
		};
		408C2C0B2DE76BE500A07EC4 /* Debug */ = {
			isa = XCBuildConfiguration;
			buildSettings = {
				CODE_SIGN_STYLE = Automatic;
				CURRENT_PROJECT_VERSION = 1;
				DEVELOPMENT_TEAM = M9MT23QW7V;
				GENERATE_INFOPLIST_FILE = YES;
				MARKETING_VERSION = 1.0;
				PRODUCT_BUNDLE_IDENTIFIER = "noahpope.Project31-MultibrowserUITests";
				PRODUCT_NAME = "$(TARGET_NAME)";
				SWIFT_EMIT_LOC_STRINGS = NO;
				SWIFT_VERSION = 5.0;
				TARGETED_DEVICE_FAMILY = "1,2";
				TEST_TARGET_NAME = "Project31-Multibrowser";
			};
			name = Debug;
		};
		408C2C0C2DE76BE500A07EC4 /* Release */ = {
			isa = XCBuildConfiguration;
			buildSettings = {
				CODE_SIGN_STYLE = Automatic;
				CURRENT_PROJECT_VERSION = 1;
				DEVELOPMENT_TEAM = M9MT23QW7V;
				GENERATE_INFOPLIST_FILE = YES;
				MARKETING_VERSION = 1.0;
				PRODUCT_BUNDLE_IDENTIFIER = "noahpope.Project31-MultibrowserUITests";
				PRODUCT_NAME = "$(TARGET_NAME)";
				SWIFT_EMIT_LOC_STRINGS = NO;
				SWIFT_VERSION = 5.0;
				TARGETED_DEVICE_FAMILY = "1,2";
				TEST_TARGET_NAME = "Project31-Multibrowser";
			};
			name = Release;
		};
/* End XCBuildConfiguration section */

/* Begin XCConfigurationList section */
		408C2BD12DE76BE100A07EC4 /* Build configuration list for PBXProject "Project31-Multibrowser" */ = {
			isa = XCConfigurationList;
			buildConfigurations = (
				408C2C052DE76BE500A07EC4 /* Debug */,
				408C2C062DE76BE500A07EC4 /* Release */,
			);
			defaultConfigurationIsVisible = 0;
			defaultConfigurationName = Release;
		};
		408C2C022DE76BE500A07EC4 /* Build configuration list for PBXNativeTarget "Project31-Multibrowser" */ = {
			isa = XCConfigurationList;
			buildConfigurations = (
				408C2C032DE76BE500A07EC4 /* Debug */,
				408C2C042DE76BE500A07EC4 /* Release */,
			);
			defaultConfigurationIsVisible = 0;
			defaultConfigurationName = Release;
		};
		408C2C072DE76BE500A07EC4 /* Build configuration list for PBXNativeTarget "Project31-MultibrowserTests" */ = {
			isa = XCConfigurationList;
			buildConfigurations = (
				408C2C082DE76BE500A07EC4 /* Debug */,
				408C2C092DE76BE500A07EC4 /* Release */,
			);
			defaultConfigurationIsVisible = 0;
			defaultConfigurationName = Release;
		};
		408C2C0A2DE76BE500A07EC4 /* Build configuration list for PBXNativeTarget "Project31-MultibrowserUITests" */ = {
			isa = XCConfigurationList;
			buildConfigurations = (
				408C2C0B2DE76BE500A07EC4 /* Debug */,
				408C2C0C2DE76BE500A07EC4 /* Release */,
			);
			defaultConfigurationIsVisible = 0;
			defaultConfigurationName = Release;
		};
/* End XCConfigurationList section */

/* Begin XCVersionGroup section */
		408C2C142DE76C3F00A07EC4 /* Project31_Multibrowser.xcdatamodeld */ = {
			isa = XCVersionGroup;
			children = (
				408C2C182DE76C3F00A07EC4 /* Project31_Multibrowser.xcdatamodel */,
			);
			currentVersion = 408C2C182DE76C3F00A07EC4 /* Project31_Multibrowser.xcdatamodel */;
			path = Project31_Multibrowser.xcdatamodeld;
			sourceTree = "<group>";
			versionGroupType = wrapper.xcdatamodel;
		};
/* End XCVersionGroup section */
	};
	rootObject = 408C2BCE2DE76BE100A07EC4 /* Project object */;
}
